
Microsoft Visual Studio Solution File, Format Version 12.00
# Visual Studio Version 16
VisualStudioVersion = 16.0.29905.134
MinimumVisualStudioVersion = 10.0.40219.1
Project("{FAE04EC0-301F-11D3-BF4B-00C04F79EFBC}") = "WindowsFormsApp3", "WindowsFormsApp3\WindowsFormsApp3.csproj", "{933ADFB0-B96D-4654-9957-A48F45B10E90}"
EndProject
Global
	GlobalSection(SolutionConfigurationPlatforms) = preSolution
		Debug|Any CPU = Debug|Any CPU
		Release|Any CPU = Release|Any CPU
	EndGlobalSection
	GlobalSection(ProjectConfigurationPlatforms) = postSolution
		{933ADFB0-B96D-4654-9957-A48F45B10E90}.Debug|Any CPU.ActiveCfg = Debug|Any CPU
		{933ADFB0-B96D-4654-9957-A48F45B10E90}.Debug|Any CPU.Build.0 = Debug|Any CPU
		{933ADFB0-B96D-4654-9957-A48F45B10E90}.Release|Any CPU.ActiveCfg = Release|Any CPU
		{933ADFB0-B96D-4654-9957-A48F45B10E90}.Release|Any CPU.Build.0 = Release|Any CPU
	EndGlobalSection
	GlobalSection(SolutionProperties) = preSolution
		HideSolutionNode = FALSE
	EndGlobalSection
	GlobalSection(ExtensibilityGlobals) = postSolution
		SolutionGuid = {6EDDA176-4504-4ECF-9980-0D4B0203318F}
	EndGlobalSection
EndGlobal
